
Microsoft Visual Studio Solution File, Format Version 12.00
# Visual Studio Version 16
VisualStudioVersion = 16.0.29025.244
MinimumVisualStudioVersion = 10.0.40219.1
Project("{2150E333-8FDC-42A3-9474-1A3956D46DE8}") = "Tests", "Tests", "{45B6F4EB-6C64-488A-A494-592636F5FDEF}"
EndProject
Project("{2150E333-8FDC-42A3-9474-1A3956D46DE8}") = "V3", "V3", "{29E56CCD-E7E5-4E5E-9E29-A924937821A9}"
EndProject
Project("{FAE04EC0-301F-11D3-BF4B-00C04F79EFBC}") = "Mega.WebService.GraphQL", "Mega.WebService.GraphQL\Mega.WebService.GraphQL.csproj", "{41BC7E91-8409-4C8D-A26C-C59A1BA777F9}"
EndProject
Project("{9A19103F-16F7-4668-BE54-9A1E7A4F7556}") = "Hopex.Model", "Hopex.Model\Hopex.Model.csproj", "{20580587-1C19-45B9-9AE6-806751B4371E}"
EndProject
Project("{9A19103F-16F7-4668-BE54-9A1E7A4F7556}") = "Hopex.WebService", "Hopex.WebService\Hopex.WebService.csproj", "{F546ED7B-4093-4F58-B424-32C93F82A894}"
EndProject
Project("{9A19103F-16F7-4668-BE54-9A1E7A4F7556}") = "Hopex.WebService.Tests", "Hopex.WebService.Tests\Hopex.WebService.Tests.csproj", "{567FF750-FAF0-4AE5-B0B6-4AF27755661D}"
EndProject
Project("{FAE04EC0-301F-11D3-BF4B-00C04F79EFBC}") = "Mega.WebService.GraphQL.Tests", "Mega.WebService.GraphQL.Tests\Mega.WebService.GraphQL.Tests.csproj", "{12A07F31-936F-4DE8-9260-A66842AC203C}"
EndProject
Project("{2150E333-8FDC-42A3-9474-1A3956D46DE8}") = "Solution Items", "Solution Items", "{E79F70BE-4742-4D7D-82B4-74AC3612A560}"
	ProjectSection(SolutionItems) = preProject
		azure-build-pipeline.yaml = azure-build-pipeline.yaml
		AzureDevOpsCodeCoverage.runsettings = AzureDevOpsCodeCoverage.runsettings
		DevSkipInittIntegrationTesting.runsettings = DevSkipInittIntegrationTesting.runsettings
		HOWTO_BUILD.md = HOWTO_BUILD.md
	EndProjectSection
EndProject
Project("{FAE04EC0-301F-11D3-BF4B-00C04F79EFBC}") = "Mega.WebService.GraphQL.V3.UnitTests", "Mega.WebService.GraphQL.V3.UnitTests\Mega.WebService.GraphQL.V3.UnitTests.csproj", "{187AAB01-3AD5-4739-B9CE-86D745277496}"
EndProject
Project("{9A19103F-16F7-4668-BE54-9A1E7A4F7556}") = "Hopex.Common", "Hopex.Common\Hopex.Common.csproj", "{43369561-0052-477A-B23F-61FC57B8466F}"
EndProject
Project("{FAE04EC0-301F-11D3-BF4B-00C04F79EFBC}") = "Mega.WebService.GraphQL.IntegrationTests", "Mega.WebService.GraphQL.IntegrationTests\Mega.WebService.GraphQL.IntegrationTests.csproj", "{DE02F041-74F4-44ED-BD45-E2B7FC3BB3CB}"
EndProject
Project("{9A19103F-16F7-4668-BE54-9A1E7A4F7556}") = "HAS.Modules.WebService.API", "Hopex.WebService.API\HAS.Modules.WebService.API.csproj", "{D15D2D20-379C-4E07-9BF8-D3128252949B}"
EndProject
Project("{9A19103F-16F7-4668-BE54-9A1E7A4F7556}") = "HAS.Modules.WebService.IDE", "Hopex.WebService.IDE\HAS.Modules.WebService.IDE.csproj", "{62DCD570-D094-4E30-997E-4A16F48C8399}"
EndProject
Project("{9A19103F-16F7-4668-BE54-9A1E7A4F7556}") = "HAS.Modules.WebService.API.IntegrationTests", "HAS.Modules.WebService.API.IntegrationTests\HAS.Modules.WebService.API.IntegrationTests.csproj", "{87B4091F-B82F-41A5-9AA2-9D16FFD2090F}"
EndProject
Global
	GlobalSection(SolutionConfigurationPlatforms) = preSolution
		Debug|Any CPU = Debug|Any CPU
		Debug|x64 = Debug|x64
		Debug|x86 = Debug|x86
		Release|Any CPU = Release|Any CPU
		Release|x64 = Release|x64
		Release|x86 = Release|x86
	EndGlobalSection
	GlobalSection(ProjectConfigurationPlatforms) = postSolution
		{41BC7E91-8409-4C8D-A26C-C59A1BA777F9}.Debug|Any CPU.ActiveCfg = Debug|Any CPU
		{41BC7E91-8409-4C8D-A26C-C59A1BA777F9}.Debug|Any CPU.Build.0 = Debug|Any CPU
		{41BC7E91-8409-4C8D-A26C-C59A1BA777F9}.Debug|x64.ActiveCfg = Debug|Any CPU
		{41BC7E91-8409-4C8D-A26C-C59A1BA777F9}.Debug|x64.Build.0 = Debug|Any CPU
		{41BC7E91-8409-4C8D-A26C-C59A1BA777F9}.Debug|x86.ActiveCfg = Debug|Any CPU
		{41BC7E91-8409-4C8D-A26C-C59A1BA777F9}.Debug|x86.Build.0 = Debug|Any CPU
		{41BC7E91-8409-4C8D-A26C-C59A1BA777F9}.Release|Any CPU.ActiveCfg = Release|Any CPU
		{41BC7E91-8409-4C8D-A26C-C59A1BA777F9}.Release|Any CPU.Build.0 = Release|Any CPU
		{41BC7E91-8409-4C8D-A26C-C59A1BA777F9}.Release|x64.ActiveCfg = Release|Any CPU
		{41BC7E91-8409-4C8D-A26C-C59A1BA777F9}.Release|x64.Build.0 = Release|Any CPU
		{41BC7E91-8409-4C8D-A26C-C59A1BA777F9}.Release|x86.ActiveCfg = Release|Any CPU
		{41BC7E91-8409-4C8D-A26C-C59A1BA777F9}.Release|x86.Build.0 = Release|Any CPU
		{20580587-1C19-45B9-9AE6-806751B4371E}.Debug|Any CPU.ActiveCfg = Debug|Any CPU
		{20580587-1C19-45B9-9AE6-806751B4371E}.Debug|Any CPU.Build.0 = Debug|Any CPU
		{20580587-1C19-45B9-9AE6-806751B4371E}.Debug|x64.ActiveCfg = Debug|Any CPU
		{20580587-1C19-45B9-9AE6-806751B4371E}.Debug|x64.Build.0 = Debug|Any CPU
		{20580587-1C19-45B9-9AE6-806751B4371E}.Debug|x86.ActiveCfg = Debug|Any CPU
		{20580587-1C19-45B9-9AE6-806751B4371E}.Debug|x86.Build.0 = Debug|Any CPU
		{20580587-1C19-45B9-9AE6-806751B4371E}.Release|Any CPU.ActiveCfg = Release|Any CPU
		{20580587-1C19-45B9-9AE6-806751B4371E}.Release|Any CPU.Build.0 = Release|Any CPU
		{20580587-1C19-45B9-9AE6-806751B4371E}.Release|x64.ActiveCfg = Release|Any CPU
		{20580587-1C19-45B9-9AE6-806751B4371E}.Release|x64.Build.0 = Release|Any CPU
		{20580587-1C19-45B9-9AE6-806751B4371E}.Release|x86.ActiveCfg = Release|Any CPU
		{20580587-1C19-45B9-9AE6-806751B4371E}.Release|x86.Build.0 = Release|Any CPU
		{F546ED7B-4093-4F58-B424-32C93F82A894}.Debug|Any CPU.ActiveCfg = Debug|Any CPU
		{F546ED7B-4093-4F58-B424-32C93F82A894}.Debug|Any CPU.Build.0 = Debug|Any CPU
		{F546ED7B-4093-4F58-B424-32C93F82A894}.Debug|x64.ActiveCfg = Debug|Any CPU
		{F546ED7B-4093-4F58-B424-32C93F82A894}.Debug|x64.Build.0 = Debug|Any CPU
		{F546ED7B-4093-4F58-B424-32C93F82A894}.Debug|x86.ActiveCfg = Debug|Any CPU
		{F546ED7B-4093-4F58-B424-32C93F82A894}.Debug|x86.Build.0 = Debug|Any CPU
		{F546ED7B-4093-4F58-B424-32C93F82A894}.Release|Any CPU.ActiveCfg = Release|Any CPU
		{F546ED7B-4093-4F58-B424-32C93F82A894}.Release|Any CPU.Build.0 = Release|Any CPU
		{F546ED7B-4093-4F58-B424-32C93F82A894}.Release|x64.ActiveCfg = Release|Any CPU
		{F546ED7B-4093-4F58-B424-32C93F82A894}.Release|x64.Build.0 = Release|Any CPU
		{F546ED7B-4093-4F58-B424-32C93F82A894}.Release|x86.ActiveCfg = Release|Any CPU
		{F546ED7B-4093-4F58-B424-32C93F82A894}.Release|x86.Build.0 = Release|Any CPU
		{567FF750-FAF0-4AE5-B0B6-4AF27755661D}.Debug|Any CPU.ActiveCfg = Debug|Any CPU
		{567FF750-FAF0-4AE5-B0B6-4AF27755661D}.Debug|Any CPU.Build.0 = Debug|Any CPU
		{567FF750-FAF0-4AE5-B0B6-4AF27755661D}.Debug|x64.ActiveCfg = Debug|Any CPU
		{567FF750-FAF0-4AE5-B0B6-4AF27755661D}.Debug|x64.Build.0 = Debug|Any CPU
		{567FF750-FAF0-4AE5-B0B6-4AF27755661D}.Debug|x86.ActiveCfg = Debug|Any CPU
		{567FF750-FAF0-4AE5-B0B6-4AF27755661D}.Debug|x86.Build.0 = Debug|Any CPU
		{567FF750-FAF0-4AE5-B0B6-4AF27755661D}.Release|Any CPU.ActiveCfg = Release|Any CPU
		{567FF750-FAF0-4AE5-B0B6-4AF27755661D}.Release|Any CPU.Build.0 = Release|Any CPU
		{567FF750-FAF0-4AE5-B0B6-4AF27755661D}.Release|x64.ActiveCfg = Release|Any CPU
		{567FF750-FAF0-4AE5-B0B6-4AF27755661D}.Release|x64.Build.0 = Release|Any CPU
		{567FF750-FAF0-4AE5-B0B6-4AF27755661D}.Release|x86.ActiveCfg = Release|Any CPU
		{567FF750-FAF0-4AE5-B0B6-4AF27755661D}.Release|x86.Build.0 = Release|Any CPU
		{12A07F31-936F-4DE8-9260-A66842AC203C}.Debug|Any CPU.ActiveCfg = Debug|Any CPU
		{12A07F31-936F-4DE8-9260-A66842AC203C}.Debug|Any CPU.Build.0 = Debug|Any CPU
		{12A07F31-936F-4DE8-9260-A66842AC203C}.Debug|x64.ActiveCfg = Debug|Any CPU
		{12A07F31-936F-4DE8-9260-A66842AC203C}.Debug|x64.Build.0 = Debug|Any CPU
		{12A07F31-936F-4DE8-9260-A66842AC203C}.Debug|x86.ActiveCfg = Debug|Any CPU
		{12A07F31-936F-4DE8-9260-A66842AC203C}.Debug|x86.Build.0 = Debug|Any CPU
		{12A07F31-936F-4DE8-9260-A66842AC203C}.Release|Any CPU.ActiveCfg = Release|Any CPU
		{12A07F31-936F-4DE8-9260-A66842AC203C}.Release|Any CPU.Build.0 = Release|Any CPU
		{12A07F31-936F-4DE8-9260-A66842AC203C}.Release|x64.ActiveCfg = Release|Any CPU
		{12A07F31-936F-4DE8-9260-A66842AC203C}.Release|x64.Build.0 = Release|Any CPU
		{12A07F31-936F-4DE8-9260-A66842AC203C}.Release|x86.ActiveCfg = Release|Any CPU
		{12A07F31-936F-4DE8-9260-A66842AC203C}.Release|x86.Build.0 = Release|Any CPU
		{187AAB01-3AD5-4739-B9CE-86D745277496}.Debug|Any CPU.ActiveCfg = Debug|Any CPU
		{187AAB01-3AD5-4739-B9CE-86D745277496}.Debug|Any CPU.Build.0 = Debug|Any CPU
		{187AAB01-3AD5-4739-B9CE-86D745277496}.Debug|x64.ActiveCfg = Debug|Any CPU
		{187AAB01-3AD5-4739-B9CE-86D745277496}.Debug|x64.Build.0 = Debug|Any CPU
		{187AAB01-3AD5-4739-B9CE-86D745277496}.Debug|x86.ActiveCfg = Debug|Any CPU
		{187AAB01-3AD5-4739-B9CE-86D745277496}.Debug|x86.Build.0 = Debug|Any CPU
		{187AAB01-3AD5-4739-B9CE-86D745277496}.Release|Any CPU.ActiveCfg = Release|Any CPU
		{187AAB01-3AD5-4739-B9CE-86D745277496}.Release|Any CPU.Build.0 = Release|Any CPU
		{187AAB01-3AD5-4739-B9CE-86D745277496}.Release|x64.ActiveCfg = Release|Any CPU
		{187AAB01-3AD5-4739-B9CE-86D745277496}.Release|x64.Build.0 = Release|Any CPU
		{187AAB01-3AD5-4739-B9CE-86D745277496}.Release|x86.ActiveCfg = Release|Any CPU
		{187AAB01-3AD5-4739-B9CE-86D745277496}.Release|x86.Build.0 = Release|Any CPU
		{43369561-0052-477A-B23F-61FC57B8466F}.Debug|Any CPU.ActiveCfg = Debug|Any CPU
		{43369561-0052-477A-B23F-61FC57B8466F}.Debug|Any CPU.Build.0 = Debug|Any CPU
		{43369561-0052-477A-B23F-61FC57B8466F}.Debug|x64.ActiveCfg = Debug|Any CPU
		{43369561-0052-477A-B23F-61FC57B8466F}.Debug|x64.Build.0 = Debug|Any CPU
		{43369561-0052-477A-B23F-61FC57B8466F}.Debug|x86.ActiveCfg = Debug|Any CPU
		{43369561-0052-477A-B23F-61FC57B8466F}.Debug|x86.Build.0 = Debug|Any CPU
		{43369561-0052-477A-B23F-61FC57B8466F}.Release|Any CPU.ActiveCfg = Release|Any CPU
		{43369561-0052-477A-B23F-61FC57B8466F}.Release|Any CPU.Build.0 = Release|Any CPU
		{43369561-0052-477A-B23F-61FC57B8466F}.Release|x64.ActiveCfg = Release|Any CPU
		{43369561-0052-477A-B23F-61FC57B8466F}.Release|x64.Build.0 = Release|Any CPU
		{43369561-0052-477A-B23F-61FC57B8466F}.Release|x86.ActiveCfg = Release|Any CPU
		{43369561-0052-477A-B23F-61FC57B8466F}.Release|x86.Build.0 = Release|Any CPU
		{DE02F041-74F4-44ED-BD45-E2B7FC3BB3CB}.Debug|Any CPU.ActiveCfg = Debug|Any CPU
		{DE02F041-74F4-44ED-BD45-E2B7FC3BB3CB}.Debug|Any CPU.Build.0 = Debug|Any CPU
		{DE02F041-74F4-44ED-BD45-E2B7FC3BB3CB}.Debug|x64.ActiveCfg = Debug|Any CPU
		{DE02F041-74F4-44ED-BD45-E2B7FC3BB3CB}.Debug|x64.Build.0 = Debug|Any CPU
		{DE02F041-74F4-44ED-BD45-E2B7FC3BB3CB}.Debug|x86.ActiveCfg = Debug|Any CPU
		{DE02F041-74F4-44ED-BD45-E2B7FC3BB3CB}.Debug|x86.Build.0 = Debug|Any CPU
		{DE02F041-74F4-44ED-BD45-E2B7FC3BB3CB}.Release|Any CPU.ActiveCfg = Release|Any CPU
		{DE02F041-74F4-44ED-BD45-E2B7FC3BB3CB}.Release|Any CPU.Build.0 = Release|Any CPU
		{DE02F041-74F4-44ED-BD45-E2B7FC3BB3CB}.Release|x64.ActiveCfg = Release|Any CPU
		{DE02F041-74F4-44ED-BD45-E2B7FC3BB3CB}.Release|x64.Build.0 = Release|Any CPU
		{DE02F041-74F4-44ED-BD45-E2B7FC3BB3CB}.Release|x86.ActiveCfg = Release|Any CPU
		{DE02F041-74F4-44ED-BD45-E2B7FC3BB3CB}.Release|x86.Build.0 = Release|Any CPU
		{D15D2D20-379C-4E07-9BF8-D3128252949B}.Debug|Any CPU.ActiveCfg = Debug|Any CPU
		{D15D2D20-379C-4E07-9BF8-D3128252949B}.Debug|Any CPU.Build.0 = Debug|Any CPU
		{D15D2D20-379C-4E07-9BF8-D3128252949B}.Debug|x64.ActiveCfg = Debug|Any CPU
		{D15D2D20-379C-4E07-9BF8-D3128252949B}.Debug|x64.Build.0 = Debug|Any CPU
		{D15D2D20-379C-4E07-9BF8-D3128252949B}.Debug|x86.ActiveCfg = Debug|Any CPU
		{D15D2D20-379C-4E07-9BF8-D3128252949B}.Debug|x86.Build.0 = Debug|Any CPU
		{D15D2D20-379C-4E07-9BF8-D3128252949B}.Release|Any CPU.ActiveCfg = Release|Any CPU
		{D15D2D20-379C-4E07-9BF8-D3128252949B}.Release|Any CPU.Build.0 = Release|Any CPU
		{D15D2D20-379C-4E07-9BF8-D3128252949B}.Release|x64.ActiveCfg = Release|Any CPU
		{D15D2D20-379C-4E07-9BF8-D3128252949B}.Release|x64.Build.0 = Release|Any CPU
		{D15D2D20-379C-4E07-9BF8-D3128252949B}.Release|x86.ActiveCfg = Release|Any CPU
		{D15D2D20-379C-4E07-9BF8-D3128252949B}.Release|x86.Build.0 = Release|Any CPU
		{62DCD570-D094-4E30-997E-4A16F48C8399}.Debug|Any CPU.ActiveCfg = Debug|Any CPU
		{62DCD570-D094-4E30-997E-4A16F48C8399}.Debug|Any CPU.Build.0 = Debug|Any CPU
		{62DCD570-D094-4E30-997E-4A16F48C8399}.Debug|x64.ActiveCfg = Debug|Any CPU
		{62DCD570-D094-4E30-997E-4A16F48C8399}.Debug|x64.Build.0 = Debug|Any CPU
		{62DCD570-D094-4E30-997E-4A16F48C8399}.Debug|x86.ActiveCfg = Debug|Any CPU
		{62DCD570-D094-4E30-997E-4A16F48C8399}.Debug|x86.Build.0 = Debug|Any CPU
		{62DCD570-D094-4E30-997E-4A16F48C8399}.Release|Any CPU.ActiveCfg = Release|Any CPU
		{62DCD570-D094-4E30-997E-4A16F48C8399}.Release|Any CPU.Build.0 = Release|Any CPU
		{62DCD570-D094-4E30-997E-4A16F48C8399}.Release|x64.ActiveCfg = Release|Any CPU
		{62DCD570-D094-4E30-997E-4A16F48C8399}.Release|x64.Build.0 = Release|Any CPU
		{62DCD570-D094-4E30-997E-4A16F48C8399}.Release|x86.ActiveCfg = Release|Any CPU
		{62DCD570-D094-4E30-997E-4A16F48C8399}.Release|x86.Build.0 = Release|Any CPU
		{87B4091F-B82F-41A5-9AA2-9D16FFD2090F}.Debug|Any CPU.ActiveCfg = Debug|Any CPU
		{87B4091F-B82F-41A5-9AA2-9D16FFD2090F}.Debug|Any CPU.Build.0 = Debug|Any CPU
		{87B4091F-B82F-41A5-9AA2-9D16FFD2090F}.Debug|x64.ActiveCfg = Debug|Any CPU
		{87B4091F-B82F-41A5-9AA2-9D16FFD2090F}.Debug|x64.Build.0 = Debug|Any CPU
		{87B4091F-B82F-41A5-9AA2-9D16FFD2090F}.Debug|x86.ActiveCfg = Debug|Any CPU
		{87B4091F-B82F-41A5-9AA2-9D16FFD2090F}.Debug|x86.Build.0 = Debug|Any CPU
		{87B4091F-B82F-41A5-9AA2-9D16FFD2090F}.Release|Any CPU.ActiveCfg = Release|Any CPU
		{87B4091F-B82F-41A5-9AA2-9D16FFD2090F}.Release|Any CPU.Build.0 = Release|Any CPU
		{87B4091F-B82F-41A5-9AA2-9D16FFD2090F}.Release|x64.ActiveCfg = Release|Any CPU
		{87B4091F-B82F-41A5-9AA2-9D16FFD2090F}.Release|x64.Build.0 = Release|Any CPU
		{87B4091F-B82F-41A5-9AA2-9D16FFD2090F}.Release|x86.ActiveCfg = Release|Any CPU
		{87B4091F-B82F-41A5-9AA2-9D16FFD2090F}.Release|x86.Build.0 = Release|Any CPU
	EndGlobalSection
	GlobalSection(SolutionProperties) = preSolution
		HideSolutionNode = FALSE
	EndGlobalSection
	GlobalSection(NestedProjects) = preSolution
		{41BC7E91-8409-4C8D-A26C-C59A1BA777F9} = {29E56CCD-E7E5-4E5E-9E29-A924937821A9}
		{567FF750-FAF0-4AE5-B0B6-4AF27755661D} = {45B6F4EB-6C64-488A-A494-592636F5FDEF}
		{12A07F31-936F-4DE8-9260-A66842AC203C} = {45B6F4EB-6C64-488A-A494-592636F5FDEF}
		{187AAB01-3AD5-4739-B9CE-86D745277496} = {45B6F4EB-6C64-488A-A494-592636F5FDEF}
		{DE02F041-74F4-44ED-BD45-E2B7FC3BB3CB} = {45B6F4EB-6C64-488A-A494-592636F5FDEF}
		{87B4091F-B82F-41A5-9AA2-9D16FFD2090F} = {45B6F4EB-6C64-488A-A494-592636F5FDEF}
	EndGlobalSection
	GlobalSection(ExtensibilityGlobals) = postSolution
		SolutionGuid = {7268F9AF-3729-4AFA-8A6D-D325FEC9DFB7}
	EndGlobalSection
EndGlobal
